<?xml version="1.0" encoding="utf-8"?>
<Project ToolsVersion="4.0" xmlns="http://schemas.microsoft.com/developer/msbuild/2003">
  <ItemGroup>
    <Filter Include="源文件">
      <UniqueIdentifier>{4FC737F1-C7A5-4376-A066-2A32D752A2FF}</UniqueIdentifier>
      <Extensions>cpp;c;cc;cxx;def;odl;idl;hpj;bat;asm;asmx</Extensions>
    </Filter>
    <Filter Include="头文件">
      <UniqueIdentifier>{93995380-89BD-4b04-88EB-625FBE52EBFB}</UniqueIdentifier>
      <Extensions>h;hpp;hxx;hm;inl;inc;xsd</Extensions>
    </Filter>
    <Filter Include="资源文件">
      <UniqueIdentifier>{67DA6AB6-F800-4c08-8B7A-83BB121AAD01}</UniqueIdentifier>
      <Extensions>rc;ico;cur;bmp;dlg;rc2;rct;bin;rgs;gif;jpg;jpeg;jpe;resx;tiff;tif;png;wav;mfcribbon-ms</Extensions>
    </Filter>
    <Filter Include="Common">
      <UniqueIdentifier>{399d9f6f-27bb-4833-9441-227a78420226}</UniqueIdentifier>
    </Filter>
    <Filter Include="Application">
      <UniqueIdentifier>{bcd79a93-f933-423a-8919-83917e7dab48}</UniqueIdentifier>
    </Filter>
    <Filter Include="DGP">
      <UniqueIdentifier>{f25afe13-bfa0-4b11-95fe-6ea97621abf8}</UniqueIdentifier>
    </Filter>
    <Filter Include="Tool">
      <UniqueIdentifier>{7a772d04-45fc-4789-9a29-610901c77a1a}</UniqueIdentifier>
    </Filter>
    <Filter Include="Application\Homepage">
      <UniqueIdentifier>{b7f8674e-b833-4d1a-9fc4-fe675a0f6db2}</UniqueIdentifier>
    </Filter>
    <Filter Include="Dependence">
      <UniqueIdentifier>{5fdd45a4-5b04-4543-8226-83725c7f2b52}</UniqueIdentifier>
    </Filter>
    <Filter Include="Dependence\PoissonReconstruction">
      <UniqueIdentifier>{a5f1fc3b-c8c8-4bfa-9a54-872eb1db66cd}</UniqueIdentifier>
    </Filter>
    <Filter Include="Application\PrimitiveDetection">
      <UniqueIdentifier>{380de826-900c-4cb2-9b50-71edd78f25ac}</UniqueIdentifier>
    </Filter>
    <Filter Include="Application\ReconstructionApp">
      <UniqueIdentifier>{65115103-34b5-40ec-bd23-85fd4715309d}</UniqueIdentifier>
    </Filter>
    <Filter Include="Application\LeapMotionApp">
      <UniqueIdentifier>{2fe12aff-7984-4312-af05-170f5df774cf}</UniqueIdentifier>
    </Filter>
    <Filter Include="Application\ReliefApp">
      <UniqueIdentifier>{22090b78-9986-4aee-8724-0a3870429e87}</UniqueIdentifier>
    </Filter>
    <Filter Include="Application\PointShopApp">
      <UniqueIdentifier>{b9c40667-34fd-4781-802c-5e393fa7602e}</UniqueIdentifier>
    </Filter>
    <Filter Include="Application\MeshShopApp">
      <UniqueIdentifier>{bf1b4d9f-7ec0-41c7-af71-3b635eb3cc52}</UniqueIdentifier>
    </Filter>
    <Filter Include="Application\AugmentedRealityApp">
      <UniqueIdentifier>{444bdf4a-460e-4899-9c61-76d355bb11e8}</UniqueIdentifier>
    </Filter>
    <Filter Include="Application\VideoRecordingApp">
      <UniqueIdentifier>{ee010987-bc16-428b-8f04-beaced6cdecb}</UniqueIdentifier>
    </Filter>
    <Filter Include="Application\ScanningApp">
      <UniqueIdentifier>{babddef3-9485-4dad-8e66-88136239c9b6}</UniqueIdentifier>
    </Filter>
  </ItemGroup>
  <ItemGroup>
    <Text Include="ReadMe.txt" />
    <Text Include="..\Dependencies\PoissonRecon\license.txt">
      <Filter>Dependence\PoissonReconstruction</Filter>
    </Text>
  </ItemGroup>
  <ItemGroup>
    <ClInclude Include="stdafx.h">
      <Filter>头文件</Filter>
    </ClInclude>
    <ClInclude Include="targetver.h">
      <Filter>头文件</Filter>
    </ClInclude>
    <ClInclude Include="..\Src\Common\MagicFramework.h">
      <Filter>Common</Filter>
    </ClInclude>
    <ClInclude Include="..\Src\Common\ToolKit.h">
      <Filter>Common</Filter>
    </ClInclude>
    <ClInclude Include="..\Src\Common\InputSystem.h">
      <Filter>Common</Filter>
    </ClInclude>
    <ClInclude Include="..\Src\Common\RenderSystem.h">
      <Filter>Common</Filter>
    </ClInclude>
    <ClInclude Include="..\Src\Common\LogSystem.h">
      <Filter>Common</Filter>
    </ClInclude>
    <ClInclude Include="..\Src\Common\AppBase.h">
      <Filter>Common</Filter>
    </ClInclude>
    <ClInclude Include="..\Src\Common\AppManager.h">
      <Filter>Common</Filter>
    </ClInclude>
    <ClInclude Include="..\Src\Common\MagicListener.h">
      <Filter>Common</Filter>
    </ClInclude>
    <ClInclude Include="..\Src\Common\ResourceManager.h">
      <Filter>Common</Filter>
    </ClInclude>
    <ClInclude Include="..\Src\Common\GUISystem.h">
      <Filter>Common</Filter>
    </ClInclude>
    <ClInclude Include="..\Src\DGP\DGPDefines.h">
      <Filter>DGP</Filter>
    </ClInclude>
    <ClInclude Include="..\Src\DGP\Vector3.h">
      <Filter>DGP</Filter>
    </ClInclude>
    <ClInclude Include="..\Src\DGP\PointCloud3D.h">
      <Filter>DGP</Filter>
    </ClInclude>
    <ClInclude Include="..\Src\DGP\Parser.h">
      <Filter>DGP</Filter>
    </ClInclude>
    <ClInclude Include="..\Src\Tool\ViewTool.h">
      <Filter>Tool</Filter>
    </ClInclude>
    <ClInclude Include="..\Src\Application\HomepageUI.h">
      <Filter>Application\Homepage</Filter>
    </ClInclude>
    <ClInclude Include="..\Src\Application\Homepage.h">
      <Filter>Application\Homepage</Filter>
    </ClInclude>
    <ClInclude Include="..\Src\DGP\Mesh3D.h">
      <Filter>DGP</Filter>
    </ClInclude>
    <ClInclude Include="..\Src\DGP\Registration.h">
      <Filter>DGP</Filter>
    </ClInclude>
    <ClInclude Include="..\Src\DGP\SignedDistanceFunction.h">
      <Filter>DGP</Filter>
    </ClInclude>
    <ClInclude Include="..\Src\DGP\MeshReconstruction.h">
      <Filter>DGP</Filter>
    </ClInclude>
    <ClInclude Include="..\Src\DGP\HomoMatrix4.h">
      <Filter>DGP</Filter>
    </ClInclude>
    <ClInclude Include="..\Dependencies\PoissonRecon\Allocator.h">
      <Filter>Dependence\PoissonReconstruction</Filter>
    </ClInclude>
    <ClInclude Include="..\Dependencies\PoissonRecon\Array.h">
      <Filter>Dependence\PoissonReconstruction</Filter>
    </ClInclude>
    <ClInclude Include="..\Dependencies\PoissonRecon\BinaryNode.h">
      <Filter>Dependence\PoissonReconstruction</Filter>
    </ClInclude>
    <ClInclude Include="..\Dependencies\PoissonRecon\BSplineData.h">
      <Filter>Dependence\PoissonReconstruction</Filter>
    </ClInclude>
    <ClInclude Include="..\Dependencies\PoissonRecon\CmdLineParser.h">
      <Filter>Dependence\PoissonReconstruction</Filter>
    </ClInclude>
    <ClInclude Include="..\Dependencies\PoissonRecon\Factor.h">
      <Filter>Dependence\PoissonReconstruction</Filter>
    </ClInclude>
    <ClInclude Include="..\Dependencies\PoissonRecon\FunctionData.h">
      <Filter>Dependence\PoissonReconstruction</Filter>
    </ClInclude>
    <ClInclude Include="..\Dependencies\PoissonRecon\Geometry.h">
      <Filter>Dependence\PoissonReconstruction</Filter>
    </ClInclude>
    <ClInclude Include="..\Dependencies\PoissonRecon\Hash.h">
      <Filter>Dependence\PoissonReconstruction</Filter>
    </ClInclude>
    <ClInclude Include="..\Dependencies\PoissonRecon\MarchingCubes.h">
      <Filter>Dependence\PoissonReconstruction</Filter>
    </ClInclude>
    <ClInclude Include="..\Dependencies\PoissonRecon\MAT.h">
      <Filter>Dependence\PoissonReconstruction</Filter>
    </ClInclude>
    <ClInclude Include="..\Dependencies\PoissonRecon\MemoryUsage.h">
      <Filter>Dependence\PoissonReconstruction</Filter>
    </ClInclude>
    <ClInclude Include="..\Dependencies\PoissonRecon\MultiGridOctreeData.h">
      <Filter>Dependence\PoissonReconstruction</Filter>
    </ClInclude>
    <ClInclude Include="..\Dependencies\PoissonRecon\Octree.h">
      <Filter>Dependence\PoissonReconstruction</Filter>
    </ClInclude>
    <ClInclude Include="..\Dependencies\PoissonRecon\Ply.h">
      <Filter>Dependence\PoissonReconstruction</Filter>
    </ClInclude>
    <ClInclude Include="..\Dependencies\PoissonRecon\PlyFile.h">
      <Filter>Dependence\PoissonReconstruction</Filter>
    </ClInclude>
    <ClInclude Include="..\Dependencies\PoissonRecon\PointStream.h">
      <Filter>Dependence\PoissonReconstruction</Filter>
    </ClInclude>
    <ClInclude Include="..\Dependencies\PoissonRecon\Polynomial.h">
      <Filter>Dependence\PoissonReconstruction</Filter>
    </ClInclude>
    <ClInclude Include="..\Dependencies\PoissonRecon\PPolynomial.h">
      <Filter>Dependence\PoissonReconstruction</Filter>
    </ClInclude>
    <ClInclude Include="..\Dependencies\PoissonRecon\SparseMatrix.h">
      <Filter>Dependence\PoissonReconstruction</Filter>
    </ClInclude>
    <ClInclude Include="..\Dependencies\PoissonRecon\TimePoisson.h">
      <Filter>Dependence\PoissonReconstruction</Filter>
    </ClInclude>
    <ClInclude Include="..\Dependencies\PoissonRecon\Vector.h">
      <Filter>Dependence\PoissonReconstruction</Filter>
    </ClInclude>
    <ClInclude Include="..\Src\Dependence\PoissonReconstruction.h">
      <Filter>Dependence</Filter>
    </ClInclude>
    <ClInclude Include="..\Src\Application\ScanningApp.h">
      <Filter>Application\ScanningApp</Filter>
    </ClInclude>
    <ClInclude Include="..\Src\Application\ScanningAppUI.h">
      <Filter>Application\ScanningApp</Filter>
    </ClInclude>
    <ClInclude Include="..\Src\Application\PrimitiveDetectionApp.h">
      <Filter>Application\PrimitiveDetection</Filter>
    </ClInclude>
    <ClInclude Include="..\Src\Application\PrimitiveDetectionAppUI.h">
      <Filter>Application\PrimitiveDetection</Filter>
    </ClInclude>
    <ClInclude Include="..\Src\DGP\PrimitiveDetection.h">
      <Filter>DGP</Filter>
    </ClInclude>
    <ClInclude Include="..\Src\Application\ReconstructionApp.h">
      <Filter>Application\ReconstructionApp</Filter>
    </ClInclude>
    <ClInclude Include="..\Src\Application\ReconstructionAppUI.h">
      <Filter>Application\ReconstructionApp</Filter>
    </ClInclude>
    <ClInclude Include="..\Src\DGP\Sampling.h">
      <Filter>DGP</Filter>
    </ClInclude>
    <ClInclude Include="..\Src\Application\LeapMotionApp.h">
      <Filter>Application\LeapMotionApp</Filter>
    </ClInclude>
    <ClInclude Include="..\Src\Application\LeapMotionAppUI.h">
      <Filter>Application\LeapMotionApp</Filter>
    </ClInclude>
    <ClInclude Include="..\Src\Application\ReliefApp.h">
      <Filter>Application\ReliefApp</Filter>
    </ClInclude>
    <ClInclude Include="..\Src\Application\ReliefAppUI.h">
      <Filter>Application\ReliefApp</Filter>
    </ClInclude>
    <ClInclude Include="..\Src\DGP\Relief.h">
      <Filter>DGP</Filter>
    </ClInclude>
    <ClInclude Include="..\Src\DGP\Curvature.h">
      <Filter>DGP</Filter>
    </ClInclude>
    <ClInclude Include="..\Src\Tool\PickPointTool.h">
      <Filter>Tool</Filter>
    </ClInclude>
    <ClInclude Include="..\Src\DGP\Vector2.h">
      <Filter>DGP</Filter>
    </ClInclude>
    <ClInclude Include="..\Src\DGP\HomoVector4.h">
      <Filter>DGP</Filter>
    </ClInclude>
    <ClInclude Include="..\Src\Application\PointShopApp.h">
      <Filter>Application\PointShopApp</Filter>
    </ClInclude>
    <ClInclude Include="..\Src\Application\PointShopAppUI.h">
      <Filter>Application\PointShopApp</Filter>
    </ClInclude>
    <ClInclude Include="..\Src\Application\MeshShopApp.h">
      <Filter>Application\MeshShopApp</Filter>
    </ClInclude>
    <ClInclude Include="..\Src\Application\MeshShopAppUI.h">
      <Filter>Application\MeshShopApp</Filter>
    </ClInclude>
    <ClInclude Include="..\Src\DGP\Consolidation.h">
      <Filter>DGP</Filter>
    </ClInclude>
    <ClInclude Include="..\Src\Application\AugmentedRealityApp.h">
      <Filter>Application\AugmentedRealityApp</Filter>
    </ClInclude>
    <ClInclude Include="..\Src\Application\AugmentedRealityAppUI.h">
      <Filter>Application\AugmentedRealityApp</Filter>
    </ClInclude>
    <ClInclude Include="..\Src\Application\VideoRecordingAppUI.h">
      <Filter>Application\VideoRecordingApp</Filter>
    </ClInclude>
    <ClInclude Include="..\Src\Application\VideoRecordingApp.h">
      <Filter>Application\VideoRecordingApp</Filter>
    </ClInclude>
    <ClInclude Include="..\Src\Tool\ThreadPool.h">
      <Filter>Tool</Filter>
    </ClInclude>
    <ClInclude Include="..\Src\Common\MagicOgre.h">
      <Filter>Common</Filter>
    </ClInclude>
  </ItemGroup>
  <ItemGroup>
    <ClCompile Include="stdafx.cpp">
      <Filter>源文件</Filter>
    </ClCompile>
    <ClCompile Include="MagicWorld.cpp">
      <Filter>源文件</Filter>
    </ClCompile>
    <ClCompile Include="..\Src\Common\MagicFramework.cpp">
      <Filter>Common</Filter>
    </ClCompile>
    <ClCompile Include="..\Src\Common\ToolKit.cpp">
      <Filter>Common</Filter>
    </ClCompile>
    <ClCompile Include="..\Src\Common\InputSystem.cpp">
      <Filter>Common</Filter>
    </ClCompile>
    <ClCompile Include="..\Src\Common\RenderSystem.cpp">
      <Filter>Common</Filter>
    </ClCompile>
    <ClCompile Include="..\Src\Common\LogSystem.cpp">
      <Filter>Common</Filter>
    </ClCompile>
    <ClCompile Include="..\Src\Common\AppBase.cpp">
      <Filter>Common</Filter>
    </ClCompile>
    <ClCompile Include="..\Src\Common\AppManager.cpp">
      <Filter>Common</Filter>
    </ClCompile>
    <ClCompile Include="..\Src\Common\MagicListener.cpp">
      <Filter>Common</Filter>
    </ClCompile>
    <ClCompile Include="..\Src\Common\ResourceManager.cpp">
      <Filter>Common</Filter>
    </ClCompile>
    <ClCompile Include="..\Src\Common\GUISystem.cpp">
      <Filter>Common</Filter>
    </ClCompile>
    <ClCompile Include="..\Src\DGP\Vector3.cpp">
      <Filter>DGP</Filter>
    </ClCompile>
    <ClCompile Include="..\Src\DGP\PointCloud3D.cpp">
      <Filter>DGP</Filter>
    </ClCompile>
    <ClCompile Include="..\Src\DGP\Parser.cpp">
      <Filter>DGP</Filter>
    </ClCompile>
    <ClCompile Include="..\Src\DGP\DGPDefines.cpp">
      <Filter>DGP</Filter>
    </ClCompile>
    <ClCompile Include="..\Src\Tool\ViewTool.cpp">
      <Filter>Tool</Filter>
    </ClCompile>
    <ClCompile Include="..\Src\Application\Homepage.cpp">
      <Filter>Application\Homepage</Filter>
    </ClCompile>
    <ClCompile Include="..\Src\Application\HomepageUI.cpp">
      <Filter>Application\Homepage</Filter>
    </ClCompile>
    <ClCompile Include="..\Src\DGP\Mesh3D.cpp">
      <Filter>DGP</Filter>
    </ClCompile>
    <ClCompile Include="..\Src\DGP\Registration.cpp">
      <Filter>DGP</Filter>
    </ClCompile>
    <ClCompile Include="..\Src\DGP\SignedDistanceFunction.cpp">
      <Filter>DGP</Filter>
    </ClCompile>
    <ClCompile Include="..\Src\DGP\MeshReconstruction.cpp">
      <Filter>DGP</Filter>
    </ClCompile>
    <ClCompile Include="..\Src\DGP\HomoMatrix4.cpp">
      <Filter>DGP</Filter>
    </ClCompile>
    <ClCompile Include="..\Dependencies\PoissonRecon\CmdLineParser.cpp">
      <Filter>Dependence\PoissonReconstruction</Filter>
    </ClCompile>
    <ClCompile Include="..\Dependencies\PoissonRecon\Factor.cpp">
      <Filter>Dependence\PoissonReconstruction</Filter>
    </ClCompile>
    <ClCompile Include="..\Dependencies\PoissonRecon\Geometry.cpp">
      <Filter>Dependence\PoissonReconstruction</Filter>
    </ClCompile>
    <ClCompile Include="..\Dependencies\PoissonRecon\MarchingCubes.cpp">
      <Filter>Dependence\PoissonReconstruction</Filter>
    </ClCompile>
    <ClCompile Include="..\Dependencies\PoissonRecon\PlyFile.cpp">
      <Filter>Dependence\PoissonReconstruction</Filter>
    </ClCompile>
    <ClCompile Include="..\Dependencies\PoissonRecon\TimePoisson.cpp">
      <Filter>Dependence\PoissonReconstruction</Filter>
    </ClCompile>
    <ClCompile Include="..\Src\Dependence\PoissonReconstruction.cpp">
      <Filter>Dependence</Filter>
    </ClCompile>
    <ClCompile Include="..\Src\Application\ScanningApp.cpp">
      <Filter>Application\ScanningApp</Filter>
    </ClCompile>
    <ClCompile Include="..\Src\Application\ScanningAppUI.cpp">
      <Filter>Application\ScanningApp</Filter>
    </ClCompile>
    <ClCompile Include="..\Src\Application\PrimitiveDetectionApp.cpp">
      <Filter>Application\PrimitiveDetection</Filter>
    </ClCompile>
    <ClCompile Include="..\Src\Application\PrimitiveDetectionAppUI.cpp">
      <Filter>Application\PrimitiveDetection</Filter>
    </ClCompile>
    <ClCompile Include="..\Src\DGP\PrimitiveDetection.cpp">
      <Filter>DGP</Filter>
    </ClCompile>
    <ClCompile Include="..\Src\Application\ReconstructionApp.cpp">
      <Filter>Application\ReconstructionApp</Filter>
    </ClCompile>
    <ClCompile Include="..\Src\Application\ReconstructionAppUI.cpp">
      <Filter>Application\ReconstructionApp</Filter>
    </ClCompile>
    <ClCompile Include="..\Src\DGP\Sampling.cpp">
      <Filter>DGP</Filter>
    </ClCompile>
    <ClCompile Include="..\Src\Application\LeapMotionApp.cpp">
      <Filter>Application\LeapMotionApp</Filter>
    </ClCompile>
    <ClCompile Include="..\Src\Application\LeapMotionAppUI.cpp">
      <Filter>Application\LeapMotionApp</Filter>
    </ClCompile>
    <ClCompile Include="..\Src\Application\ReliefApp.cpp">
      <Filter>Application\ReliefApp</Filter>
    </ClCompile>
    <ClCompile Include="..\Src\Application\ReliefAppUI.cpp">
      <Filter>Application\ReliefApp</Filter>
    </ClCompile>
    <ClCompile Include="..\Src\DGP\Relief.cpp">
      <Filter>DGP</Filter>
    </ClCompile>
    <ClCompile Include="..\Src\DGP\Curvature.cpp">
      <Filter>DGP</Filter>
    </ClCompile>
    <ClCompile Include="..\Src\Tool\PickPointTool.cpp">
      <Filter>Tool</Filter>
    </ClCompile>
    <ClCompile Include="..\Src\DGP\Vector2.cpp">
      <Filter>DGP</Filter>
    </ClCompile>
    <ClCompile Include="..\Src\DGP\HomoVector4.cpp">
      <Filter>DGP</Filter>
    </ClCompile>
    <ClCompile Include="..\Src\Application\PointShopApp.cpp">
      <Filter>Application\PointShopApp</Filter>
    </ClCompile>
    <ClCompile Include="..\Src\Application\PointShopAppUI.cpp">
      <Filter>Application\PointShopApp</Filter>
    </ClCompile>
    <ClCompile Include="..\Src\Application\MeshShopApp.cpp">
      <Filter>Application\MeshShopApp</Filter>
    </ClCompile>
    <ClCompile Include="..\Src\Application\MeshShopAppUI.cpp">
      <Filter>Application\MeshShopApp</Filter>
    </ClCompile>
    <ClCompile Include="..\Src\DGP\Consolidation.cpp">
      <Filter>DGP</Filter>
    </ClCompile>
    <ClCompile Include="..\Src\Application\AugmentedRealityApp.cpp">
      <Filter>Application\AugmentedRealityApp</Filter>
    </ClCompile>
    <ClCompile Include="..\Src\Application\AugmentedRealityAppUI.cpp">
      <Filter>Application\AugmentedRealityApp</Filter>
    </ClCompile>
    <ClCompile Include="..\Src\Application\VideoRecordingAppUI.cpp">
      <Filter>Application\VideoRecordingApp</Filter>
    </ClCompile>
    <ClCompile Include="..\Src\Application\VideoRecordingApp.cpp">
      <Filter>Application\VideoRecordingApp</Filter>
    </ClCompile>
    <ClCompile Include="..\Src\Tool\ThreadPool.cpp">
      <Filter>Tool</Filter>
    </ClCompile>
  </ItemGroup>
  <ItemGroup>
    <None Include="..\Dependencies\PoissonRecon\Array.inl">
      <Filter>Dependence\PoissonReconstruction</Filter>
    </None>
    <None Include="..\Dependencies\PoissonRecon\BSplineData.inl">
      <Filter>Dependence\PoissonReconstruction</Filter>
    </None>
    <None Include="..\Dependencies\PoissonRecon\CmdLineParser.inl">
      <Filter>Dependence\PoissonReconstruction</Filter>
    </None>
    <None Include="..\Dependencies\PoissonRecon\FunctionData.inl">
      <Filter>Dependence\PoissonReconstruction</Filter>
    </None>
    <None Include="..\Dependencies\PoissonRecon\Geometry.inl">
      <Filter>Dependence\PoissonReconstruction</Filter>
    </None>
    <None Include="..\Dependencies\PoissonRecon\MAT.inl">
      <Filter>Dependence\PoissonReconstruction</Filter>
    </None>
    <None Include="..\Dependencies\PoissonRecon\MultiGridOctreeData.inl">
      <Filter>Dependence\PoissonReconstruction</Filter>
    </None>
    <None Include="..\Dependencies\PoissonRecon\Octree.inl">
      <Filter>Dependence\PoissonReconstruction</Filter>
    </None>
    <None Include="..\Dependencies\PoissonRecon\PointStream.inl">
      <Filter>Dependence\PoissonReconstruction</Filter>
    </None>
    <None Include="..\Dependencies\PoissonRecon\Polynomial.inl">
      <Filter>Dependence\PoissonReconstruction</Filter>
    </None>
    <None Include="..\Dependencies\PoissonRecon\PPolynomial.inl">
      <Filter>Dependence\PoissonReconstruction</Filter>
    </None>
    <None Include="..\Dependencies\PoissonRecon\SparseMatrix.inl">
      <Filter>Dependence\PoissonReconstruction</Filter>
    </None>
    <None Include="..\Dependencies\PoissonRecon\Vector.inl">
      <Filter>Dependence\PoissonReconstruction</Filter>
    </None>
  </ItemGroup>
</Project>